
Microsoft Visual Studio Solution File, Format Version 12.00
# Visual Studio Version 17
VisualStudioVersion = 17.3.32901.215
MinimumVisualStudioVersion = 10.0.40219.1
Project("{FAE04EC0-301F-11D3-BF4B-00C04F79EFBC}") = "lab1", "lab1\lab1.csproj", "{956B76AB-3B98-4FE8-8606-DD98FC48B153}"
EndProject
Global
	GlobalSection(SolutionConfigurationPlatforms) = preSolution
		Debug|Any CPU = Debug|Any CPU
		Release|Any CPU = Release|Any CPU
	EndGlobalSection
	GlobalSection(ProjectConfigurationPlatforms) = postSolution
		{956B76AB-3B98-4FE8-8606-DD98FC48B153}.Debug|Any CPU.ActiveCfg = Debug|Any CPU
		{956B76AB-3B98-4FE8-8606-DD98FC48B153}.Debug|Any CPU.Build.0 = Debug|Any CPU
		{956B76AB-3B98-4FE8-8606-DD98FC48B153}.Release|Any CPU.ActiveCfg = Release|Any CPU
		{956B76AB-3B98-4FE8-8606-DD98FC48B153}.Release|Any CPU.Build.0 = Release|Any CPU
	EndGlobalSection
	GlobalSection(SolutionProperties) = preSolution
		HideSolutionNode = FALSE
	EndGlobalSection
	GlobalSection(ExtensibilityGlobals) = postSolution
		SolutionGuid = {411CB40D-6AE6-4AE5-B5B0-C815ADDA99FD}
	EndGlobalSection
EndGlobal
